
Microsoft Visual Studio Solution File, Format Version 12.00
# Visual Studio Version 17
VisualStudioVersion = 17.10.34928.147
MinimumVisualStudioVersion = 10.0.40219.1
Project("{2150E333-8FDC-42A3-9474-1A3956D46DE8}") = "Src", "Src", "{33CCED7F-4F25-418A-8A07-4B50D595B5FA}"
EndProject
Project("{2150E333-8FDC-42A3-9474-1A3956D46DE8}") = "Presentation", "Presentation", "{DAC25B6A-3C8B-4C0D-A43D-3416ED8E48BE}"
EndProject
Project("{FAE04EC0-301F-11D3-BF4B-00C04F79EFBC}") = "EduHubAPI.CA.WebApi", "EduHubAPI.CA\Src\Presentation\EduHubAPI.CA.WebApi\EduHubAPI.CA.WebApi.csproj", "{EF77F727-29CA-4C09-9036-A6BD8BDCBD67}"
EndProject
Project("{2150E333-8FDC-42A3-9474-1A3956D46DE8}") = "Core", "Core", "{54200C28-76E8-4B19-AEBE-EB30AD725AB8}"
EndProject
Project("{FAE04EC0-301F-11D3-BF4B-00C04F79EFBC}") = "EduHubAPI.CA.Application", "EduHubAPI.CA\Src\Core\EduHubAPI.CA.Application\EduHubAPI.CA.Application.csproj", "{9C1AAE1B-EDDE-4B60-9451-B3EDEECA61A1}"
EndProject
Project("{FAE04EC0-301F-11D3-BF4B-00C04F79EFBC}") = "EduHubAPI.CA.Domain", "EduHubAPI.CA\Src\Core\EduHubAPI.CA.Domain\EduHubAPI.CA.Domain.csproj", "{150661E8-E8D1-488A-8EAF-A63906C203C9}"
EndProject
Project("{2150E333-8FDC-42A3-9474-1A3956D46DE8}") = "Infrastructure", "Infrastructure", "{1D92DFE3-D142-4188-BABC-C9641177962A}"
EndProject
Project("{FAE04EC0-301F-11D3-BF4B-00C04F79EFBC}") = "EduHubAPI.CA.Infrastructure.FileManager", "EduHubAPI.CA\Src\Infrastructure\EduHubAPI.CA.Infrastructure.FileManager\EduHubAPI.CA.Infrastructure.FileManager.csproj", "{C7BD2ECF-6177-4F32-A1E1-3DA381793D06}"
EndProject
Project("{FAE04EC0-301F-11D3-BF4B-00C04F79EFBC}") = "EduHubAPI.CA.Infrastructure.Identity", "EduHubAPI.CA\Src\Infrastructure\EduHubAPI.CA.Infrastructure.Identity\EduHubAPI.CA.Infrastructure.Identity.csproj", "{53C3B315-1AEB-4AE8-8668-62368BD0E243}"
EndProject
Project("{FAE04EC0-301F-11D3-BF4B-00C04F79EFBC}") = "EduHubAPI.CA.Infrastructure.Persistence", "EduHubAPI.CA\Src\Infrastructure\EduHubAPI.CA.Infrastructure.Persistence\EduHubAPI.CA.Infrastructure.Persistence.csproj", "{187C836F-A9D3-4D82-9F1E-59D15A43A1DD}"
EndProject
Project("{FAE04EC0-301F-11D3-BF4B-00C04F79EFBC}") = "EduHubAPI.CA.Infrastructure.Resources", "EduHubAPI.CA\Src\Infrastructure\EduHubAPI.CA.Infrastructure.Resources\EduHubAPI.CA.Infrastructure.Resources.csproj", "{613A7569-A938-4B06-9787-18704E4B761D}"
EndProject
Project("{2150E333-8FDC-42A3-9474-1A3956D46DE8}") = "Tests", "Tests", "{23F58A5F-2597-40F0-817F-A03F6706E426}"
EndProject
Project("{FAE04EC0-301F-11D3-BF4B-00C04F79EFBC}") = "EduHubAPI.CA.FunctionalTests", "EduHubAPI.CA\Tests\EduHubAPI.CA.FunctionalTests\EduHubAPI.CA.FunctionalTests.csproj", "{B2AB7997-CF6A-444B-83DE-4B68E7FA9652}"
EndProject
Project("{FAE04EC0-301F-11D3-BF4B-00C04F79EFBC}") = "EduHubAPI.CA.UnitTests", "EduHubAPI.CA\Tests\EduHubAPI.CA.UnitTests\EduHubAPI.CA.UnitTests.csproj", "{2C933EC9-4164-466D-9BDD-0DABED2055AA}"
EndProject
Project("{FAE04EC0-301F-11D3-BF4B-00C04F79EFBC}") = "EduHubAPI.CA.IntegrationTests", "EduHubAPI.CA\Tests\EduHubAPI.CA.IntegrationTests\EduHubAPI.CA.IntegrationTests.csproj", "{5B04BF7F-D04A-4588-AA77-7B561682B9F2}"
EndProject
Global
	GlobalSection(SolutionConfigurationPlatforms) = preSolution
		Debug|Any CPU = Debug|Any CPU
		Release|Any CPU = Release|Any CPU
	EndGlobalSection
	GlobalSection(ProjectConfigurationPlatforms) = postSolution
		{EF77F727-29CA-4C09-9036-A6BD8BDCBD67}.Debug|Any CPU.ActiveCfg = Debug|Any CPU
		{EF77F727-29CA-4C09-9036-A6BD8BDCBD67}.Debug|Any CPU.Build.0 = Debug|Any CPU
		{EF77F727-29CA-4C09-9036-A6BD8BDCBD67}.Release|Any CPU.ActiveCfg = Release|Any CPU
		{EF77F727-29CA-4C09-9036-A6BD8BDCBD67}.Release|Any CPU.Build.0 = Release|Any CPU
		{9C1AAE1B-EDDE-4B60-9451-B3EDEECA61A1}.Debug|Any CPU.ActiveCfg = Debug|Any CPU
		{9C1AAE1B-EDDE-4B60-9451-B3EDEECA61A1}.Debug|Any CPU.Build.0 = Debug|Any CPU
		{9C1AAE1B-EDDE-4B60-9451-B3EDEECA61A1}.Release|Any CPU.ActiveCfg = Release|Any CPU
		{9C1AAE1B-EDDE-4B60-9451-B3EDEECA61A1}.Release|Any CPU.Build.0 = Release|Any CPU
		{150661E8-E8D1-488A-8EAF-A63906C203C9}.Debug|Any CPU.ActiveCfg = Debug|Any CPU
		{150661E8-E8D1-488A-8EAF-A63906C203C9}.Debug|Any CPU.Build.0 = Debug|Any CPU
		{150661E8-E8D1-488A-8EAF-A63906C203C9}.Release|Any CPU.ActiveCfg = Release|Any CPU
		{150661E8-E8D1-488A-8EAF-A63906C203C9}.Release|Any CPU.Build.0 = Release|Any CPU
		{C7BD2ECF-6177-4F32-A1E1-3DA381793D06}.Debug|Any CPU.ActiveCfg = Debug|Any CPU
		{C7BD2ECF-6177-4F32-A1E1-3DA381793D06}.Debug|Any CPU.Build.0 = Debug|Any CPU
		{C7BD2ECF-6177-4F32-A1E1-3DA381793D06}.Release|Any CPU.ActiveCfg = Release|Any CPU
		{C7BD2ECF-6177-4F32-A1E1-3DA381793D06}.Release|Any CPU.Build.0 = Release|Any CPU
		{53C3B315-1AEB-4AE8-8668-62368BD0E243}.Debug|Any CPU.ActiveCfg = Debug|Any CPU
		{53C3B315-1AEB-4AE8-8668-62368BD0E243}.Debug|Any CPU.Build.0 = Debug|Any CPU
		{53C3B315-1AEB-4AE8-8668-62368BD0E243}.Release|Any CPU.ActiveCfg = Release|Any CPU
		{53C3B315-1AEB-4AE8-8668-62368BD0E243}.Release|Any CPU.Build.0 = Release|Any CPU
		{187C836F-A9D3-4D82-9F1E-59D15A43A1DD}.Debug|Any CPU.ActiveCfg = Debug|Any CPU
		{187C836F-A9D3-4D82-9F1E-59D15A43A1DD}.Debug|Any CPU.Build.0 = Debug|Any CPU
		{187C836F-A9D3-4D82-9F1E-59D15A43A1DD}.Release|Any CPU.ActiveCfg = Release|Any CPU
		{187C836F-A9D3-4D82-9F1E-59D15A43A1DD}.Release|Any CPU.Build.0 = Release|Any CPU
		{613A7569-A938-4B06-9787-18704E4B761D}.Debug|Any CPU.ActiveCfg = Debug|Any CPU
		{613A7569-A938-4B06-9787-18704E4B761D}.Debug|Any CPU.Build.0 = Debug|Any CPU
		{613A7569-A938-4B06-9787-18704E4B761D}.Release|Any CPU.ActiveCfg = Release|Any CPU
		{613A7569-A938-4B06-9787-18704E4B761D}.Release|Any CPU.Build.0 = Release|Any CPU
		{B2AB7997-CF6A-444B-83DE-4B68E7FA9652}.Debug|Any CPU.ActiveCfg = Debug|Any CPU
		{B2AB7997-CF6A-444B-83DE-4B68E7FA9652}.Debug|Any CPU.Build.0 = Debug|Any CPU
		{B2AB7997-CF6A-444B-83DE-4B68E7FA9652}.Release|Any CPU.ActiveCfg = Release|Any CPU
		{B2AB7997-CF6A-444B-83DE-4B68E7FA9652}.Release|Any CPU.Build.0 = Release|Any CPU
		{2C933EC9-4164-466D-9BDD-0DABED2055AA}.Debug|Any CPU.ActiveCfg = Debug|Any CPU
		{2C933EC9-4164-466D-9BDD-0DABED2055AA}.Debug|Any CPU.Build.0 = Debug|Any CPU
		{2C933EC9-4164-466D-9BDD-0DABED2055AA}.Release|Any CPU.ActiveCfg = Release|Any CPU
		{2C933EC9-4164-466D-9BDD-0DABED2055AA}.Release|Any CPU.Build.0 = Release|Any CPU
		{5B04BF7F-D04A-4588-AA77-7B561682B9F2}.Debug|Any CPU.ActiveCfg = Debug|Any CPU
		{5B04BF7F-D04A-4588-AA77-7B561682B9F2}.Debug|Any CPU.Build.0 = Debug|Any CPU
		{5B04BF7F-D04A-4588-AA77-7B561682B9F2}.Release|Any CPU.ActiveCfg = Release|Any CPU
		{5B04BF7F-D04A-4588-AA77-7B561682B9F2}.Release|Any CPU.Build.0 = Release|Any CPU
	EndGlobalSection
	GlobalSection(SolutionProperties) = preSolution
		HideSolutionNode = FALSE
	EndGlobalSection
	GlobalSection(NestedProjects) = preSolution
		{DAC25B6A-3C8B-4C0D-A43D-3416ED8E48BE} = {33CCED7F-4F25-418A-8A07-4B50D595B5FA}
		{EF77F727-29CA-4C09-9036-A6BD8BDCBD67} = {DAC25B6A-3C8B-4C0D-A43D-3416ED8E48BE}
		{54200C28-76E8-4B19-AEBE-EB30AD725AB8} = {33CCED7F-4F25-418A-8A07-4B50D595B5FA}
		{9C1AAE1B-EDDE-4B60-9451-B3EDEECA61A1} = {54200C28-76E8-4B19-AEBE-EB30AD725AB8}
		{150661E8-E8D1-488A-8EAF-A63906C203C9} = {54200C28-76E8-4B19-AEBE-EB30AD725AB8}
		{1D92DFE3-D142-4188-BABC-C9641177962A} = {33CCED7F-4F25-418A-8A07-4B50D595B5FA}
		{C7BD2ECF-6177-4F32-A1E1-3DA381793D06} = {1D92DFE3-D142-4188-BABC-C9641177962A}
		{53C3B315-1AEB-4AE8-8668-62368BD0E243} = {1D92DFE3-D142-4188-BABC-C9641177962A}
		{187C836F-A9D3-4D82-9F1E-59D15A43A1DD} = {1D92DFE3-D142-4188-BABC-C9641177962A}
		{613A7569-A938-4B06-9787-18704E4B761D} = {1D92DFE3-D142-4188-BABC-C9641177962A}
		{B2AB7997-CF6A-444B-83DE-4B68E7FA9652} = {23F58A5F-2597-40F0-817F-A03F6706E426}
		{2C933EC9-4164-466D-9BDD-0DABED2055AA} = {23F58A5F-2597-40F0-817F-A03F6706E426}
		{5B04BF7F-D04A-4588-AA77-7B561682B9F2} = {23F58A5F-2597-40F0-817F-A03F6706E426}
	EndGlobalSection
	GlobalSection(ExtensibilityGlobals) = postSolution
		SolutionGuid = {5D012472-4CDC-434D-911E-6DAABDC56A61}
	EndGlobalSection
EndGlobal
